
Microsoft Visual Studio Solution File, Format Version 12.00
# Visual Studio Version 17
VisualStudioVersion = 17.14.36212.18
MinimumVisualStudioVersion = 10.0.40219.1
Project("{FAE04EC0-301F-11D3-BF4B-00C04F79EFBC}") = "MoviezzzzApp", "MoviezzzzApp\MoviezzzzApp.csproj", "{9E2694AE-FA0A-4C67-8207-CCF863344C0F}"
EndProject
Project("{FAE04EC0-301F-11D3-BF4B-00C04F79EFBC}") = "moviezzzzClient", "moviezzzzClient\moviezzzzClient.csproj", "{4B8418C2-A368-4A01-8157-B866C57A9FA3}"
EndProject
Global
	GlobalSection(SolutionConfigurationPlatforms) = preSolution
		Debug|Any CPU = Debug|Any CPU
		Release|Any CPU = Release|Any CPU
	EndGlobalSection
	GlobalSection(ProjectConfigurationPlatforms) = postSolution
		{9E2694AE-FA0A-4C67-8207-CCF863344C0F}.Debug|Any CPU.ActiveCfg = Debug|Any CPU
		{9E2694AE-FA0A-4C67-8207-CCF863344C0F}.Debug|Any CPU.Build.0 = Debug|Any CPU
		{9E2694AE-FA0A-4C67-8207-CCF863344C0F}.Release|Any CPU.ActiveCfg = Release|Any CPU
		{9E2694AE-FA0A-4C67-8207-CCF863344C0F}.Release|Any CPU.Build.0 = Release|Any CPU
		{4B8418C2-A368-4A01-8157-B866C57A9FA3}.Debug|Any CPU.ActiveCfg = Debug|Any CPU
		{4B8418C2-A368-4A01-8157-B866C57A9FA3}.Debug|Any CPU.Build.0 = Debug|Any CPU
		{4B8418C2-A368-4A01-8157-B866C57A9FA3}.Release|Any CPU.ActiveCfg = Release|Any CPU
		{4B8418C2-A368-4A01-8157-B866C57A9FA3}.Release|Any CPU.Build.0 = Release|Any CPU
	EndGlobalSection
	GlobalSection(SolutionProperties) = preSolution
		HideSolutionNode = FALSE
	EndGlobalSection
	GlobalSection(ExtensibilityGlobals) = postSolution
		SolutionGuid = {9DDC4CD2-B7D0-4B7D-82BC-177DDCF38AAB}
	EndGlobalSection
EndGlobal
